
Microsoft Visual Studio Solution File, Format Version 12.00
# Visual Studio 14
VisualStudioVersion = 14.0.25420.1
MinimumVisualStudioVersion = 10.0.40219.1
Project("{8BC9CEB8-8B4A-11D0-8D11-00A0C91BC942}") = "ISDL", "ISDL\ISDL.vcxproj", "{DE008EAA-D193-4B21-83C5-E4BD0BC61E03}"
EndProject
Project("{8BC9CEB8-8B4A-11D0-8D11-00A0C91BC942}") = "SDLTest", "SDLTest\SDLTest.vcxproj", "{EE3C4E74-B6AA-479E-A865-D4ACD0DF2D51}"
	ProjectSection(ProjectDependencies) = postProject
		{7DA6C574-9663-4B27-AFC9-9643EF13DD2F} = {7DA6C574-9663-4B27-AFC9-9643EF13DD2F}
		{DE008EAA-D193-4B21-83C5-E4BD0BC61E03} = {DE008EAA-D193-4B21-83C5-E4BD0BC61E03}
	EndProjectSection
EndProject
Project("{8BC9CEB8-8B4A-11D0-8D11-00A0C91BC942}") = "ffmpeg", "ffmpeg\ffmpeg.vcxproj", "{7DA6C574-9663-4B27-AFC9-9643EF13DD2F}"
	ProjectSection(ProjectDependencies) = postProject
		{43951AA5-3341-4A47-8C7E-1E5B99B0E4D9} = {43951AA5-3341-4A47-8C7E-1E5B99B0E4D9}
	EndProjectSection
EndProject
Project("{8BC9CEB8-8B4A-11D0-8D11-00A0C91BC942}") = "libyuv", "libyuv\libyuv.vcxproj", "{43951AA5-3341-4A47-8C7E-1E5B99B0E4D9}"
EndProject
Global
	GlobalSection(SolutionConfigurationPlatforms) = preSolution
		Debug|x64 = Debug|x64
		Debug|x86 = Debug|x86
		Release|x64 = Release|x64
		Release|x86 = Release|x86
	EndGlobalSection
	GlobalSection(ProjectConfigurationPlatforms) = postSolution
		{DE008EAA-D193-4B21-83C5-E4BD0BC61E03}.Debug|x64.ActiveCfg = Debug|x64
		{DE008EAA-D193-4B21-83C5-E4BD0BC61E03}.Debug|x64.Build.0 = Debug|x64
		{DE008EAA-D193-4B21-83C5-E4BD0BC61E03}.Debug|x86.ActiveCfg = Debug|Win32
		{DE008EAA-D193-4B21-83C5-E4BD0BC61E03}.Debug|x86.Build.0 = Debug|Win32
		{DE008EAA-D193-4B21-83C5-E4BD0BC61E03}.Release|x64.ActiveCfg = Release|x64
		{DE008EAA-D193-4B21-83C5-E4BD0BC61E03}.Release|x64.Build.0 = Release|x64
		{DE008EAA-D193-4B21-83C5-E4BD0BC61E03}.Release|x86.ActiveCfg = Release|Win32
		{DE008EAA-D193-4B21-83C5-E4BD0BC61E03}.Release|x86.Build.0 = Release|Win32
		{EE3C4E74-B6AA-479E-A865-D4ACD0DF2D51}.Debug|x64.ActiveCfg = Debug|x64
		{EE3C4E74-B6AA-479E-A865-D4ACD0DF2D51}.Debug|x64.Build.0 = Debug|x64
		{EE3C4E74-B6AA-479E-A865-D4ACD0DF2D51}.Debug|x86.ActiveCfg = Debug|Win32
		{EE3C4E74-B6AA-479E-A865-D4ACD0DF2D51}.Debug|x86.Build.0 = Debug|Win32
		{EE3C4E74-B6AA-479E-A865-D4ACD0DF2D51}.Release|x64.ActiveCfg = Release|x64
		{EE3C4E74-B6AA-479E-A865-D4ACD0DF2D51}.Release|x64.Build.0 = Release|x64
		{EE3C4E74-B6AA-479E-A865-D4ACD0DF2D51}.Release|x86.ActiveCfg = Release|Win32
		{EE3C4E74-B6AA-479E-A865-D4ACD0DF2D51}.Release|x86.Build.0 = Release|Win32
		{7DA6C574-9663-4B27-AFC9-9643EF13DD2F}.Debug|x64.ActiveCfg = Debug|x64
		{7DA6C574-9663-4B27-AFC9-9643EF13DD2F}.Debug|x64.Build.0 = Debug|x64
		{7DA6C574-9663-4B27-AFC9-9643EF13DD2F}.Debug|x86.ActiveCfg = Debug|Win32
		{7DA6C574-9663-4B27-AFC9-9643EF13DD2F}.Debug|x86.Build.0 = Debug|Win32
		{7DA6C574-9663-4B27-AFC9-9643EF13DD2F}.Release|x64.ActiveCfg = Release|x64
		{7DA6C574-9663-4B27-AFC9-9643EF13DD2F}.Release|x64.Build.0 = Release|x64
		{7DA6C574-9663-4B27-AFC9-9643EF13DD2F}.Release|x86.ActiveCfg = Release|Win32
		{7DA6C574-9663-4B27-AFC9-9643EF13DD2F}.Release|x86.Build.0 = Release|Win32
		{43951AA5-3341-4A47-8C7E-1E5B99B0E4D9}.Debug|x64.ActiveCfg = Debug|x64
		{43951AA5-3341-4A47-8C7E-1E5B99B0E4D9}.Debug|x64.Build.0 = Debug|x64
		{43951AA5-3341-4A47-8C7E-1E5B99B0E4D9}.Debug|x86.ActiveCfg = Debug|Win32
		{43951AA5-3341-4A47-8C7E-1E5B99B0E4D9}.Debug|x86.Build.0 = Debug|Win32
		{43951AA5-3341-4A47-8C7E-1E5B99B0E4D9}.Release|x64.ActiveCfg = Release|x64
		{43951AA5-3341-4A47-8C7E-1E5B99B0E4D9}.Release|x64.Build.0 = Release|x64
		{43951AA5-3341-4A47-8C7E-1E5B99B0E4D9}.Release|x86.ActiveCfg = Release|Win32
		{43951AA5-3341-4A47-8C7E-1E5B99B0E4D9}.Release|x86.Build.0 = Release|Win32
	EndGlobalSection
	GlobalSection(SolutionProperties) = preSolution
		HideSolutionNode = FALSE
	EndGlobalSection
EndGlobal
